
Microsoft Visual Studio Solution File, Format Version 12.00
# Visual Studio 15
VisualStudioVersion = 15.0.27004.2009
MinimumVisualStudioVersion = 10.0.40219.1
Project("{FAE04EC0-301F-11D3-BF4B-00C04F79EFBC}") = "Recursion.Main", "Recursion\Recursion.Main.csproj", "{78D41C40-7C3A-4E81-B59C-A1A497DCCD57}"
EndProject
Project("{FAE04EC0-301F-11D3-BF4B-00C04F79EFBC}") = "Recursion.Library", "Recursion.Library\Recursion.Library.csproj", "{2E5FE8B0-CBB3-483F-A7F9-2823F574F60D}"
EndProject
Project("{FAE04EC0-301F-11D3-BF4B-00C04F79EFBC}") = "Recursion.Test", "Recursion.Test\Recursion.Test.csproj", "{8EDF4429-251A-416D-BB68-93F227191BCF}"
EndProject
Global
	GlobalSection(SolutionConfigurationPlatforms) = preSolution
		Debug|Any CPU = Debug|Any CPU
		Release|Any CPU = Release|Any CPU
	EndGlobalSection
	GlobalSection(ProjectConfigurationPlatforms) = postSolution
		{78D41C40-7C3A-4E81-B59C-A1A497DCCD57}.Debug|Any CPU.ActiveCfg = Debug|Any CPU
		{78D41C40-7C3A-4E81-B59C-A1A497DCCD57}.Debug|Any CPU.Build.0 = Debug|Any CPU
		{78D41C40-7C3A-4E81-B59C-A1A497DCCD57}.Release|Any CPU.ActiveCfg = Release|Any CPU
		{78D41C40-7C3A-4E81-B59C-A1A497DCCD57}.Release|Any CPU.Build.0 = Release|Any CPU
		{2E5FE8B0-CBB3-483F-A7F9-2823F574F60D}.Debug|Any CPU.ActiveCfg = Debug|Any CPU
		{2E5FE8B0-CBB3-483F-A7F9-2823F574F60D}.Debug|Any CPU.Build.0 = Debug|Any CPU
		{2E5FE8B0-CBB3-483F-A7F9-2823F574F60D}.Release|Any CPU.ActiveCfg = Release|Any CPU
		{2E5FE8B0-CBB3-483F-A7F9-2823F574F60D}.Release|Any CPU.Build.0 = Release|Any CPU
		{8EDF4429-251A-416D-BB68-93F227191BCF}.Debug|Any CPU.ActiveCfg = Debug|Any CPU
		{8EDF4429-251A-416D-BB68-93F227191BCF}.Debug|Any CPU.Build.0 = Debug|Any CPU
		{8EDF4429-251A-416D-BB68-93F227191BCF}.Release|Any CPU.ActiveCfg = Release|Any CPU
		{8EDF4429-251A-416D-BB68-93F227191BCF}.Release|Any CPU.Build.0 = Release|Any CPU
	EndGlobalSection
	GlobalSection(SolutionProperties) = preSolution
		HideSolutionNode = FALSE
	EndGlobalSection
	GlobalSection(ExtensibilityGlobals) = postSolution
		SolutionGuid = {C6C71768-FA43-4546-915F-188362D10CF8}
	EndGlobalSection
EndGlobal
